<?xml version="1.0" encoding="utf-8"?>
<Project ToolsVersion="4.0" xmlns="http://schemas.microsoft.com/developer/msbuild/2003">
  <ItemGroup>
    <Filter Include="Source Files">
      <UniqueIdentifier>{26525c5f-45b6-4cd9-a5dc-c8fb88c1e295}</UniqueIdentifier>
      <Extensions>cpp;c;cxx;rc;def;r;odl;idl;hpj;bat</Extensions>
    </Filter>
    <Filter Include="Header Files">
      <UniqueIdentifier>{9fa2453a-2a3a-45bd-ae59-e04418570d14}</UniqueIdentifier>
      <Extensions>h;hpp;hxx;hm;inl</Extensions>
    </Filter>
    <Filter Include="Resource Files">
      <UniqueIdentifier>{872a3bb3-e239-4644-b78c-d1b6e0e9854f}</UniqueIdentifier>
      <Extensions>ico;cur;bmp;dlg;rc2;rct;bin;rgs;gif;jpg;jpeg;jpe</Extensions>
    </Filter>
  </ItemGroup>
  <ItemGroup>
    <ClCompile Include="..\lmenu.c">
      <Filter>Source Files</Filter>
    </ClCompile>
    <ClCompile Include="..\gwnum\gwutil.c">
      <Filter>Source Files</Filter>
    </ClCompile>
    <ClCompile Include="..\lprime.c">
      <Filter>Source Files</Filter>
    </ClCompile>
  </ItemGroup>
  <ItemGroup>
    <ClInclude Include="..\hwloc.h">
      <Filter>Header Files</Filter>
    </ClInclude>
  </ItemGroup>
  <ItemGroup>
    <Library Include="..\gwnum\gwnum64.lib" />
    <Library Include="libhwloc.lib">
      <Filter>Source Files</Filter>
    </Library>
    <Library Include="libgmp-gw1.lib" />
  </ItemGroup>
</Project>