<?xml version="1.0" encoding="utf-8"?>
<Project ToolsVersion="4.0" xmlns="http://schemas.microsoft.com/developer/msbuild/2003">
  <ItemGroup>
    <Filter Include="Source Files">
      <UniqueIdentifier>{97fe3f7c-b3a7-40bd-9eb1-2b265be27a38}</UniqueIdentifier>
      <Extensions>cpp;c;cxx;rc;def;r;odl;idl;hpj;bat</Extensions>
    </Filter>
    <Filter Include="Header Files">
      <UniqueIdentifier>{e31dd830-c1c6-46db-a30d-fdf8ce0e1a93}</UniqueIdentifier>
      <Extensions>h;hpp;hxx;hm;inl</Extensions>
    </Filter>
    <Filter Include="Resource Files">
      <UniqueIdentifier>{afde1583-7436-4bb6-9886-eb2db991ede6}</UniqueIdentifier>
      <Extensions>ico;cur;bmp;dlg;rc2;rct;bin;rgs;gif;jpg;jpeg;jpe</Extensions>
    </Filter>
  </ItemGroup>
  <ItemGroup>
    <ClCompile Include="AffinityDlg.cpp">
      <Filter>Source Files</Filter>
    </ClCompile>
    <ClCompile Include="ContentsDlg.cpp">
      <Filter>Source Files</Filter>
    </ClCompile>
    <ClCompile Include="CpuDlg.cpp">
      <Filter>Source Files</Filter>
    </ClCompile>
    <ClCompile Include="EditDropFiles.cpp">
      <Filter>Source Files</Filter>
    </ClCompile>
    <ClCompile Include="MainFrm.cpp">
      <Filter>Source Files</Filter>
    </ClCompile>
    <ClCompile Include="PreferencesDlg.cpp">
      <Filter>Source Files</Filter>
    </ClCompile>
    <ClCompile Include="Prime95.cpp">
      <Filter>Source Files</Filter>
    </ClCompile>
    <ClCompile Include="Prime95Doc.cpp">
      <Filter>Source Files</Filter>
    </ClCompile>
    <ClCompile Include="Prime95View.cpp">
      <Filter>Source Files</Filter>
    </ClCompile>
    <ClCompile Include="Priority.cpp">
      <Filter>Source Files</Filter>
    </ClCompile>
    <ClCompile Include="TestDlg.cpp">
      <Filter>Source Files</Filter>
    </ClCompile>
    <ClCompile Include="service.c">
      <Filter>Source Files</Filter>
    </ClCompile>
  </ItemGroup>
  <ItemGroup>
    <ResourceCompile Include="Prime95.rc">
      <Filter>Source Files</Filter>
    </ResourceCompile>
  </ItemGroup>
  <ItemGroup>
    <ClInclude Include="AffinityDlg.h">
      <Filter>Header Files</Filter>
    </ClInclude>
    <ClInclude Include="ContentsDlg.h">
      <Filter>Header Files</Filter>
    </ClInclude>
    <ClInclude Include="CpuDlg.h">
      <Filter>Header Files</Filter>
    </ClInclude>
    <ClInclude Include="EditDropFiles.h">
      <Filter>Header Files</Filter>
    </ClInclude>
    <ClInclude Include="MainFrm.h">
      <Filter>Header Files</Filter>
    </ClInclude>
    <ClInclude Include="..\mpz_aprcl.h">
      <Filter>Header Files</Filter>
    </ClInclude>
    <ClInclude Include="PreferencesDlg.h">
      <Filter>Header Files</Filter>
    </ClInclude>
    <ClInclude Include="Prime95.h">
      <Filter>Header Files</Filter>
    </ClInclude>
    <ClInclude Include="Prime95Doc.h">
      <Filter>Header Files</Filter>
    </ClInclude>
    <ClInclude Include="Prime95View.h">
      <Filter>Header Files</Filter>
    </ClInclude>
    <ClInclude Include="Priority.h">
      <Filter>Header Files</Filter>
    </ClInclude>
    <ClInclude Include="Resource.h">
      <Filter>Header Files</Filter>
    </ClInclude>
    <ClInclude Include="StdAfx.h">
      <Filter>Header Files</Filter>
    </ClInclude>
    <ClInclude Include="TestDlg.h">
      <Filter>Header Files</Filter>
    </ClInclude>
    <ClInclude Include="..\hwloc.h">
      <Filter>Header Files</Filter>
    </ClInclude>
  </ItemGroup>
  <ItemGroup>
    <Image Include="Res\Prime95.ico">
      <Filter>Resource Files</Filter>
    </Image>
    <Image Include="Res\Yellow_i.ico">
      <Filter>Resource Files</Filter>
    </Image>
  </ItemGroup>
  <ItemGroup>
    <CustomBuild Include="Res\Cursor1.cur">
      <Filter>Resource Files</Filter>
    </CustomBuild>
    <CustomBuild Include="Res\Cursor2.cur">
      <Filter>Resource Files</Filter>
    </CustomBuild>
    <CustomBuild Include="res\cursor3.cur">
      <Filter>Resource Files</Filter>
    </CustomBuild>
  </ItemGroup>
  <ItemGroup>
    <Library Include="..\gwnum\gwnum64.lib" />
    <Library Include="libgmp-gw1.lib" />
    <Library Include="libhwloc.lib" />
  </ItemGroup>
</Project>